
Microsoft Visual Studio Solution File, Format Version 12.00
# Visual Studio 2012
Project("{FAE04EC0-301F-11D3-BF4B-00C04F79EFBC}") = "XPCK_AppBuilder", "XPCK_Template_Helper\XPCK_AppBuilder.csproj", "{44B54BCD-4B1A-4F9D-9BA7-851BDD206805}"
EndProject
Global
	GlobalSection(SolutionConfigurationPlatforms) = preSolution
		Debug|Any CPU = Debug|Any CPU
		Release|Any CPU = Release|Any CPU
	EndGlobalSection
	GlobalSection(ProjectConfigurationPlatforms) = postSolution
		{44B54BCD-4B1A-4F9D-9BA7-851BDD206805}.Debug|Any CPU.ActiveCfg = Debug|Any CPU
		{44B54BCD-4B1A-4F9D-9BA7-851BDD206805}.Debug|Any CPU.Build.0 = Debug|Any CPU
		{44B54BCD-4B1A-4F9D-9BA7-851BDD206805}.Release|Any CPU.ActiveCfg = Release|Any CPU
		{44B54BCD-4B1A-4F9D-9BA7-851BDD206805}.Release|Any CPU.Build.0 = Release|Any CPU
	EndGlobalSection
	GlobalSection(SolutionProperties) = preSolution
		HideSolutionNode = FALSE
	EndGlobalSection
EndGlobal
